
Microsoft Visual Studio Solution File, Format Version 12.00
# Visual Studio 15
VisualStudioVersion = 15.0.27703.2035
MinimumVisualStudioVersion = 10.0.40219.1
Project("{FAE04EC0-301F-11D3-BF4B-00C04F79EFBC}") = "MPRemoteCommandTest", "MPRemoteCommandTestApp\MPRemoteCommandTest.csproj", "{5EFAB156-45A8-452F-96FD-63A3BED82E16}"
EndProject
Global
	GlobalSection(SolutionConfigurationPlatforms) = preSolution
		Debug|Any CPU = Debug|Any CPU
		Release|Any CPU = Release|Any CPU
	EndGlobalSection
	GlobalSection(ProjectConfigurationPlatforms) = postSolution
		{5EFAB156-45A8-452F-96FD-63A3BED82E16}.Debug|Any CPU.ActiveCfg = Debug|Any CPU
		{5EFAB156-45A8-452F-96FD-63A3BED82E16}.Debug|Any CPU.Build.0 = Debug|Any CPU
		{5EFAB156-45A8-452F-96FD-63A3BED82E16}.Release|Any CPU.ActiveCfg = Release|Any CPU
		{5EFAB156-45A8-452F-96FD-63A3BED82E16}.Release|Any CPU.Build.0 = Release|Any CPU
	EndGlobalSection
	GlobalSection(SolutionProperties) = preSolution
		HideSolutionNode = FALSE
	EndGlobalSection
	GlobalSection(ExtensibilityGlobals) = postSolution
		SolutionGuid = {4323D1DC-BB85-4C10-B6FB-8ED44E3A700F}
	EndGlobalSection
EndGlobal
